
Microsoft Visual Studio Solution File, Format Version 12.00
# Visual Studio 14
VisualStudioVersion = 14.0.25420.1
MinimumVisualStudioVersion = 10.0.40219.1
Project("{F2A71F9B-5D33-465A-A702-920D77279786}") = "Day1", "Day1\Day1.fsproj", "{5C274231-BD76-4A5E-B22D-9BE4BCD43F56}"
EndProject
Project("{2150E333-8FDC-42A3-9474-1A3956D46DE8}") = "Solution Items", "Solution Items", "{BE8EF68E-3F4C-4E1F-8E09-3F07D2AF80B8}"
	ProjectSection(SolutionItems) = preProject
		paket.dependencies = paket.dependencies
	EndProjectSection
EndProject
Project("{F2A71F9B-5D33-465A-A702-920D77279786}") = "Day2", "Day2\Day2.fsproj", "{9EFB563A-0EFC-4A45-BF19-B5D92712A926}"
EndProject
Project("{F2A71F9B-5D33-465A-A702-920D77279786}") = "Library", "Library\Library.fsproj", "{FC59545A-1E4A-45BA-9391-12083FBEFFB6}"
EndProject
Project("{F2A71F9B-5D33-465A-A702-920D77279786}") = "Day3", "Day3\Day3.fsproj", "{46AE0093-58FD-44CD-8B1D-B70ACF083D87}"
EndProject
Project("{F2A71F9B-5D33-465A-A702-920D77279786}") = "Day4", "Day4\Day4.fsproj", "{6B0F37B6-2EEB-4464-BAA9-F7C8DFB2A3F7}"
EndProject
Project("{F2A71F9B-5D33-465A-A702-920D77279786}") = "Day5", "Day5\Day5.fsproj", "{69650818-98CA-4BC6-A39B-97938DB05C1B}"
EndProject
Project("{F2A71F9B-5D33-465A-A702-920D77279786}") = "Day6", "Day6\Day6.fsproj", "{C490E2C9-A8B8-4D23-B58A-37EEA90C669C}"
EndProject
Project("{F2A71F9B-5D33-465A-A702-920D77279786}") = "Day7", "Day7\Day7.fsproj", "{A0ECAB6B-0B37-4974-B57F-4F02B7F24F53}"
EndProject
Project("{F2A71F9B-5D33-465A-A702-920D77279786}") = "Day8", "Day8\Day8.fsproj", "{2CD3042D-7400-4843-83F2-30C592AEF1A9}"
EndProject
Global
	GlobalSection(SolutionConfigurationPlatforms) = preSolution
		Debug|Any CPU = Debug|Any CPU
		Release|Any CPU = Release|Any CPU
	EndGlobalSection
	GlobalSection(ProjectConfigurationPlatforms) = postSolution
		{5C274231-BD76-4A5E-B22D-9BE4BCD43F56}.Debug|Any CPU.ActiveCfg = Debug|Any CPU
		{5C274231-BD76-4A5E-B22D-9BE4BCD43F56}.Debug|Any CPU.Build.0 = Debug|Any CPU
		{5C274231-BD76-4A5E-B22D-9BE4BCD43F56}.Release|Any CPU.ActiveCfg = Release|Any CPU
		{5C274231-BD76-4A5E-B22D-9BE4BCD43F56}.Release|Any CPU.Build.0 = Release|Any CPU
		{9EFB563A-0EFC-4A45-BF19-B5D92712A926}.Debug|Any CPU.ActiveCfg = Debug|Any CPU
		{9EFB563A-0EFC-4A45-BF19-B5D92712A926}.Debug|Any CPU.Build.0 = Debug|Any CPU
		{9EFB563A-0EFC-4A45-BF19-B5D92712A926}.Release|Any CPU.ActiveCfg = Release|Any CPU
		{9EFB563A-0EFC-4A45-BF19-B5D92712A926}.Release|Any CPU.Build.0 = Release|Any CPU
		{FC59545A-1E4A-45BA-9391-12083FBEFFB6}.Debug|Any CPU.ActiveCfg = Debug|Any CPU
		{FC59545A-1E4A-45BA-9391-12083FBEFFB6}.Debug|Any CPU.Build.0 = Debug|Any CPU
		{FC59545A-1E4A-45BA-9391-12083FBEFFB6}.Release|Any CPU.ActiveCfg = Release|Any CPU
		{FC59545A-1E4A-45BA-9391-12083FBEFFB6}.Release|Any CPU.Build.0 = Release|Any CPU
		{46AE0093-58FD-44CD-8B1D-B70ACF083D87}.Debug|Any CPU.ActiveCfg = Debug|Any CPU
		{46AE0093-58FD-44CD-8B1D-B70ACF083D87}.Debug|Any CPU.Build.0 = Debug|Any CPU
		{46AE0093-58FD-44CD-8B1D-B70ACF083D87}.Release|Any CPU.ActiveCfg = Release|Any CPU
		{46AE0093-58FD-44CD-8B1D-B70ACF083D87}.Release|Any CPU.Build.0 = Release|Any CPU
		{6B0F37B6-2EEB-4464-BAA9-F7C8DFB2A3F7}.Debug|Any CPU.ActiveCfg = Debug|Any CPU
		{6B0F37B6-2EEB-4464-BAA9-F7C8DFB2A3F7}.Debug|Any CPU.Build.0 = Debug|Any CPU
		{6B0F37B6-2EEB-4464-BAA9-F7C8DFB2A3F7}.Release|Any CPU.ActiveCfg = Release|Any CPU
		{6B0F37B6-2EEB-4464-BAA9-F7C8DFB2A3F7}.Release|Any CPU.Build.0 = Release|Any CPU
		{69650818-98CA-4BC6-A39B-97938DB05C1B}.Debug|Any CPU.ActiveCfg = Debug|Any CPU
		{69650818-98CA-4BC6-A39B-97938DB05C1B}.Debug|Any CPU.Build.0 = Debug|Any CPU
		{69650818-98CA-4BC6-A39B-97938DB05C1B}.Release|Any CPU.ActiveCfg = Release|Any CPU
		{69650818-98CA-4BC6-A39B-97938DB05C1B}.Release|Any CPU.Build.0 = Release|Any CPU
		{C490E2C9-A8B8-4D23-B58A-37EEA90C669C}.Debug|Any CPU.ActiveCfg = Debug|Any CPU
		{C490E2C9-A8B8-4D23-B58A-37EEA90C669C}.Debug|Any CPU.Build.0 = Debug|Any CPU
		{C490E2C9-A8B8-4D23-B58A-37EEA90C669C}.Release|Any CPU.ActiveCfg = Release|Any CPU
		{C490E2C9-A8B8-4D23-B58A-37EEA90C669C}.Release|Any CPU.Build.0 = Release|Any CPU
		{A0ECAB6B-0B37-4974-B57F-4F02B7F24F53}.Debug|Any CPU.ActiveCfg = Debug|Any CPU
		{A0ECAB6B-0B37-4974-B57F-4F02B7F24F53}.Debug|Any CPU.Build.0 = Debug|Any CPU
		{A0ECAB6B-0B37-4974-B57F-4F02B7F24F53}.Release|Any CPU.ActiveCfg = Release|Any CPU
		{A0ECAB6B-0B37-4974-B57F-4F02B7F24F53}.Release|Any CPU.Build.0 = Release|Any CPU
		{2CD3042D-7400-4843-83F2-30C592AEF1A9}.Debug|Any CPU.ActiveCfg = Debug|Any CPU
		{2CD3042D-7400-4843-83F2-30C592AEF1A9}.Debug|Any CPU.Build.0 = Debug|Any CPU
		{2CD3042D-7400-4843-83F2-30C592AEF1A9}.Release|Any CPU.ActiveCfg = Release|Any CPU
		{2CD3042D-7400-4843-83F2-30C592AEF1A9}.Release|Any CPU.Build.0 = Release|Any CPU
	EndGlobalSection
	GlobalSection(SolutionProperties) = preSolution
		HideSolutionNode = FALSE
	EndGlobalSection
EndGlobal
